{
  "name": "@solana/surfpool",
  "version": "1.5.0",
  "lockfileVersion": 3,
  "requires": true,
  "packages": {
    "": {
      "name": "@solana/surfpool",
      "version": "1.5.0",
      "license": "Apache-2.0",
      "devDependencies": {
        "@napi-rs/cli": "^2.18.4",
        "@solana/kit": "^8.0.0",
        "@solana/kit-plugin-rpc": "^0.18.0",
        "@solana/kit-plugin-signer": "^0.18.0",
        "typescript": "^5.7.0"
      },
      "engines": {
        "node": ">=18"
      },
      "optionalDependencies": {
        "@solana/surfpool-darwin-arm64": "1.5.0",
        "@solana/surfpool-darwin-x64": "1.5.0",
        "@solana/surfpool-linux-x64-gnu": "1.5.0"
      },
      "peerDependencies": {
        "@solana/kit": "^8.0.0",
        "@solana/kit-plugin-rpc": "^0.18.0",
        "@solana/kit-plugin-signer": "^0.18.0"
      },
      "peerDependenciesMeta": {
        "@solana/kit": {
          "optional": true
        },
        "@solana/kit-plugin-rpc": {
          "optional": true
        },
        "@solana/kit-plugin-signer": {
          "optional": true
        }
      }
    },
    "node_modules/@napi-rs/cli": {
      "version": "2.18.4",
      "resolved": "https://registry.npmjs.org/@napi-rs/cli/-/cli-2.18.4.tgz",
      "integrity": "sha512-SgJeA4df9DE2iAEpr3M2H0OKl/yjtg1BnRI5/JyowS71tUWhrfSu2LT0V3vlHET+g1hBVlrO60PmEXwUEKp8Mg==",
      "dev": true,
      "license": "MIT",
      "bin": {
        "napi": "scripts/index.js"
      },
      "engines": {
        "node": ">= 10"
      },
      "funding": {
        "type": "github",
        "url": "https://github.com/sponsors/Brooooooklyn"
      }
    },
    "node_modules/@solana/accounts": {
      "version": "8.0.0",
      "resolved": "https://registry.npmjs.org/@solana/accounts/-/accounts-8.0.0.tgz",
      "integrity": "sha512-+uqFCoI/P9oo0FGR3t3TJJxi0aoAdaEvFXzZCfNoLH5txZLTiw6/d/9QCSE/FXpbNZfk0VPGWcGN+QAXp/yrRA==",
      "dev": true,
      "license": "MIT",
      "dependencies": {
        "@solana/addresses": "8.0.0",
        "@solana/codecs-core": "8.0.0",
        "@solana/codecs-strings": "8.0.0",
        "@solana/errors": "8.0.0",
        "@solana/rpc-spec": "8.0.0",
        "@solana/rpc-types": "8.0.0"
      },
      "engines": {
        "node": ">=20.18.0"
      },
      "peerDependencies": {
        "typescript": ">=5.4.0"
      },
      "peerDependenciesMeta": {
        "typescript": {
          "optional": true
        }
      }
    },
    "node_modules/@solana/addresses": {
      "version": "8.0.0",
      "resolved": "https://registry.npmjs.org/@solana/addresses/-/addresses-8.0.0.tgz",
      "integrity": "sha512-hPtZOGxeMVEVoXleEsYcOj1mhxtvUTeEivE3iqCT7HJGGnYZFaV0/MduoqsEMiaBM+2ggjpVh9V7QoXPJIhbhw==",
      "dev": true,
      "license": "MIT",
      "dependencies": {
        "@solana/assertions": "8.0.0",
        "@solana/codecs-core": "8.0.0",
        "@solana/codecs-strings": "8.0.0",
        "@solana/errors": "8.0.0",
        "@solana/nominal-types": "8.0.0"
      },
      "engines": {
        "node": ">=20.18.0"
      },
      "peerDependencies": {
        "typescript": ">=5.4.0"
      },
      "peerDependenciesMeta": {
        "typescript": {
          "optional": true
        }
      }
    },
    "node_modules/@solana/assertions": {
      "version": "8.0.0",
      "resolved": "https://registry.npmjs.org/@solana/assertions/-/assertions-8.0.0.tgz",
      "integrity": "sha512-qvS9Jicl3ZKc4QkRhz6ZT32E/hmPMR3CkGaQccG8JhMVbOSJBK6+18IO2T03K1kNGnP335FDDL6H/Yzw0IhQ7g==",
      "dev": true,
      "license": "MIT",
      "dependencies": {
        "@solana/errors": "8.0.0"
      },
      "engines": {
        "node": ">=20.18.0"
      },
      "peerDependencies": {
        "typescript": ">=5.4.0"
      },
      "peerDependenciesMeta": {
        "typescript": {
          "optional": true
        }
      }
    },
    "node_modules/@solana/codecs": {
      "version": "8.0.0",
      "resolved": "https://registry.npmjs.org/@solana/codecs/-/codecs-8.0.0.tgz",
      "integrity": "sha512-Pk33P602YQSYHJka2IH4LhTg9vcVskYQb/XfOCqXyXDsgJS2x3au7kpXB7Q6M5yiw8VBw8ZNu/a0iGBX44v7tw==",
      "dev": true,
      "license": "MIT",
      "dependencies": {
        "@solana/codecs-core": "8.0.0",
        "@solana/codecs-data-structures": "8.0.0",
        "@solana/codecs-numbers": "8.0.0",
        "@solana/codecs-strings": "8.0.0",
        "@solana/fixed-points": "8.0.0",
        "@solana/options": "8.0.0"
      },
      "engines": {
        "node": ">=20.18.0"
      },
      "peerDependencies": {
        "typescript": ">=5.4.0"
      },
      "peerDependenciesMeta": {
        "typescript": {
          "optional": true
        }
      }
    },
    "node_modules/@solana/codecs-core": {
      "version": "8.0.0",
      "resolved": "https://registry.npmjs.org/@solana/codecs-core/-/codecs-core-8.0.0.tgz",
      "integrity": "sha512-WU/W1IEssIae1rKfJHAwuxvbnhwFH9+WCjD+l4oK2TiKgRDIdO3ndF58ABl5hFqgISCthHxeiFqBtd8C8EhzWw==",
      "dev": true,
      "license": "MIT",
      "dependencies": {
        "@solana/errors": "8.0.0"
      },
      "engines": {
        "node": ">=20.18.0"
      },
      "peerDependencies": {
        "typescript": ">=5.4.0"
      },
      "peerDependenciesMeta": {
        "typescript": {
          "optional": true
        }
      }
    },
    "node_modules/@solana/codecs-data-structures": {
      "version": "8.0.0",
      "resolved": "https://registry.npmjs.org/@solana/codecs-data-structures/-/codecs-data-structures-8.0.0.tgz",
      "integrity": "sha512-iCwbuANIuUbr7f69wx8E7tzT5tHcrJpKq8Ni06Y7H8aKhzJUlTeNQnpCbQr/e2bhvM6VI65yaXLUNEXfM7OS6Q==",
      "dev": true,
      "license": "MIT",
      "dependencies": {
        "@solana/codecs-core": "8.0.0",
        "@solana/codecs-numbers": "8.0.0",
        "@solana/errors": "8.0.0"
      },
      "engines": {
        "node": ">=20.18.0"
      },
      "peerDependencies": {
        "typescript": ">=5.4.0"
      },
      "peerDependenciesMeta": {
        "typescript": {
          "optional": true
        }
      }
    },
    "node_modules/@solana/codecs-numbers": {
      "version": "8.0.0",
      "resolved": "https://registry.npmjs.org/@solana/codecs-numbers/-/codecs-numbers-8.0.0.tgz",
      "integrity": "sha512-Islv8gZPQhVA1DvCk3KspTTw9r0z/qL6EWwN5/vvA9LYWe11RmNarJ+C0qxg1vPh2lQh8W6t/GcpZS/TJbHI0A==",
      "dev": true,
      "license": "MIT",
      "dependencies": {
        "@solana/codecs-core": "8.0.0",
        "@solana/errors": "8.0.0"
      },
      "engines": {
        "node": ">=20.18.0"
      },
      "peerDependencies": {
        "typescript": ">=5.4.0"
      },
      "peerDependenciesMeta": {
        "typescript": {
          "optional": true
        }
      }
    },
    "node_modules/@solana/codecs-strings": {
      "version": "8.0.0",
      "resolved": "https://registry.npmjs.org/@solana/codecs-strings/-/codecs-strings-8.0.0.tgz",
      "integrity": "sha512-4l8XCWIFt9DYX/zH22Jygmu+DRjKpFjFE1CNqnin24+LZ6WQu6Zk3cU+nftV3OrLns2Yi+o4cSlv/eVUsxA3qA==",
      "dev": true,
      "license": "MIT",
      "dependencies": {
        "@solana/codecs-core": "8.0.0",
        "@solana/codecs-numbers": "8.0.0",
        "@solana/errors": "8.0.0"
      },
      "engines": {
        "node": ">=20.18.0"
      },
      "peerDependencies": {
        "fastestsmallesttextencoderdecoder": "^1.0.22",
        "typescript": ">=5.4.0"
      },
      "peerDependenciesMeta": {
        "fastestsmallesttextencoderdecoder": {
          "optional": true
        },
        "typescript": {
          "optional": true
        }
      }
    },
    "node_modules/@solana/errors": {
      "version": "8.0.0",
      "resolved": "https://registry.npmjs.org/@solana/errors/-/errors-8.0.0.tgz",
      "integrity": "sha512-S7vuD1EWVkp2OX9J7fQW7j7nGP3e+iuscDktheMDxpM/5d9GwfjjNiFDTOQB/SwEKuFd9PnZ5Wq5MmMBJxVSrw==",
      "dev": true,
      "license": "MIT",
      "dependencies": {
        "chalk": "5.6.2",
        "commander": "15.0.0"
      },
      "bin": {
        "errors": "bin/cli.mjs"
      },
      "engines": {
        "node": ">=20.18.0"
      },
      "peerDependencies": {
        "typescript": ">=5.4.0"
      },
      "peerDependenciesMeta": {
        "typescript": {
          "optional": true
        }
      }
    },
    "node_modules/@solana/fast-stable-stringify": {
      "version": "8.0.0",
      "resolved": "https://registry.npmjs.org/@solana/fast-stable-stringify/-/fast-stable-stringify-8.0.0.tgz",
      "integrity": "sha512-2cg1e6ytDOtID8AnoqdIC0vzmEo5J2N96RtON6+nuyYjaOKH+i8T5nLmUAmVpcozcdntp899MfGGrUcxHJ/7Sw==",
      "dev": true,
      "license": "MIT",
      "engines": {
        "node": ">=20.18.0"
      },
      "peerDependencies": {
        "typescript": ">=5.4.0"
      },
      "peerDependenciesMeta": {
        "typescript": {
          "optional": true
        }
      }
    },
    "node_modules/@solana/fixed-points": {
      "version": "8.0.0",
      "resolved": "https://registry.npmjs.org/@solana/fixed-points/-/fixed-points-8.0.0.tgz",
      "integrity": "sha512-KA7ZA3xUIGNqDlagrTpzUtXsVSZn+vZC4odBDT3iXoRQysqV9t5g191HFH1OiTM68+7H8Rrte1Z0pTZSrQceTg==",
      "dev": true,
      "license": "MIT",
      "dependencies": {
        "@solana/codecs-core": "8.0.0",
        "@solana/errors": "8.0.0"
      },
      "engines": {
        "node": ">=20.18.0"
      },
      "peerDependencies": {
        "typescript": ">=5.4.0"
      },
      "peerDependenciesMeta": {
        "typescript": {
          "optional": true
        }
      }
    },
    "node_modules/@solana/functional": {
      "version": "8.0.0",
      "resolved": "https://registry.npmjs.org/@solana/functional/-/functional-8.0.0.tgz",
      "integrity": "sha512-w5GZeeLJQyIBc21PRWPzOs7M+7aKJdbklA5cqzSx7u5cNjJQ9VDs7/JkPTtgTzrhNIqa7jqZRNf97ecx7dQVvg==",
      "dev": true,
      "license": "MIT",
      "engines": {
        "node": ">=20.18.0"
      },
      "peerDependencies": {
        "typescript": ">=5.4.0"
      },
      "peerDependenciesMeta": {
        "typescript": {
          "optional": true
        }
      }
    },
    "node_modules/@solana/instruction-plans": {
      "version": "8.0.0",
      "resolved": "https://registry.npmjs.org/@solana/instruction-plans/-/instruction-plans-8.0.0.tgz",
      "integrity": "sha512-sD9W72Pn59UT1swV5wwR7uFpBdAUAc+o2Am3fEFZbm24HWQVhcV5rOmCZqzu/dlU10puFFra28AEVq20o5crAg==",
      "dev": true,
      "license": "MIT",
      "dependencies": {
        "@solana/errors": "8.0.0",
        "@solana/instructions": "8.0.0",
        "@solana/keys": "8.0.0",
        "@solana/promises": "8.0.0",
        "@solana/transaction-messages": "8.0.0",
        "@solana/transactions": "8.0.0"
      },
      "engines": {
        "node": ">=20.18.0"
      },
      "peerDependencies": {
        "typescript": ">=5.4.0"
      },
      "peerDependenciesMeta": {
        "typescript": {
          "optional": true
        }
      }
    },
    "node_modules/@solana/instructions": {
      "version": "8.0.0",
      "resolved": "https://registry.npmjs.org/@solana/instructions/-/instructions-8.0.0.tgz",
      "integrity": "sha512-xcToa7n5IBnjaKfOBwHwj2UU+wmE7Rvh8jLFHRrSeAXzqZkABDviMrrKAPdcgD+/lhnofyuz1cYLH6cuc5hdnQ==",
      "dev": true,
      "license": "MIT",
      "dependencies": {
        "@solana/codecs-core": "8.0.0",
        "@solana/errors": "8.0.0"
      },
      "engines": {
        "node": ">=20.18.0"
      },
      "peerDependencies": {
        "typescript": ">=5.4.0"
      },
      "peerDependenciesMeta": {
        "typescript": {
          "optional": true
        }
      }
    },
    "node_modules/@solana/keys": {
      "version": "8.0.0",
      "resolved": "https://registry.npmjs.org/@solana/keys/-/keys-8.0.0.tgz",
      "integrity": "sha512-nUg748MurpMmfVoWYwshpxrWsJZIcJ31mYf9xm1Z7NV0fySWyZYhgQbrEtONpMW6TPt2kpgBYDVKWs/wAyPokw==",
      "dev": true,
      "license": "MIT",
      "dependencies": {
        "@solana/assertions": "8.0.0",
        "@solana/codecs-core": "8.0.0",
        "@solana/codecs-strings": "8.0.0",
        "@solana/errors": "8.0.0",
        "@solana/nominal-types": "8.0.0",
        "@solana/promises": "8.0.0"
      },
      "engines": {
        "node": ">=20.18.0"
      },
      "peerDependencies": {
        "typescript": ">=5.4.0"
      },
      "peerDependenciesMeta": {
        "typescript": {
          "optional": true
        }
      }
    },
    "node_modules/@solana/kit": {
      "version": "8.0.0",
      "resolved": "https://registry.npmjs.org/@solana/kit/-/kit-8.0.0.tgz",
      "integrity": "sha512-HAruLcW5OPVJu/T/NeMHFTPC8c6De1TjXsOGF8ZablZV14ytlyx2CwyIkOJeU2WTRq1WNM933RI/XuOBUCPrtA==",
      "dev": true,
      "license": "MIT",
      "dependencies": {
        "@solana/accounts": "8.0.0",
        "@solana/addresses": "8.0.0",
        "@solana/codecs": "8.0.0",
        "@solana/errors": "8.0.0",
        "@solana/functional": "8.0.0",
        "@solana/instruction-plans": "8.0.0",
        "@solana/instructions": "8.0.0",
        "@solana/keys": "8.0.0",
        "@solana/offchain-messages": "8.0.0",
        "@solana/plugin-core": "8.0.0",
        "@solana/plugin-interfaces": "8.0.0",
        "@solana/program-client-core": "8.0.0",
        "@solana/programs": "8.0.0",
        "@solana/promises": "8.0.0",
        "@solana/rpc": "8.0.0",
        "@solana/rpc-api": "8.0.0",
        "@solana/rpc-parsed-types": "8.0.0",
        "@solana/rpc-spec-types": "8.0.0",
        "@solana/rpc-subscriptions": "8.0.0",
        "@solana/rpc-types": "8.0.0",
        "@solana/signers": "8.0.0",
        "@solana/subscribable": "8.0.0",
        "@solana/sysvars": "8.0.0",
        "@solana/transaction-confirmation": "8.0.0",
        "@solana/transaction-introspection": "8.0.0",
        "@solana/transaction-messages": "8.0.0",
        "@solana/transactions": "8.0.0"
      },
      "engines": {
        "node": ">=20.18.0"
      },
      "peerDependencies": {
        "typescript": ">=5.4.0"
      },
      "peerDependenciesMeta": {
        "typescript": {
          "optional": true
        }
      }
    },
    "node_modules/@solana/kit-plugin-instruction-plan": {
      "version": "0.18.0",
      "resolved": "https://registry.npmjs.org/@solana/kit-plugin-instruction-plan/-/kit-plugin-instruction-plan-0.18.0.tgz",
      "integrity": "sha512-GVhSf/QFtowshm4zhwqOrFI5oMpeOgRDCv5WMmYER0xZqE8+aSDxHsbEyI3dS/s4YilA296EHpQpzTAdlpj/bw==",
      "dev": true,
      "license": "MIT",
      "peerDependencies": {
        "@solana/kit": "^8.0.0"
      }
    },
    "node_modules/@solana/kit-plugin-rpc": {
      "version": "0.18.0",
      "resolved": "https://registry.npmjs.org/@solana/kit-plugin-rpc/-/kit-plugin-rpc-0.18.0.tgz",
      "integrity": "sha512-R6q1MfdxTvcqouPV4PtDB8cXV/Ye9Mal7WZVEMFPZ/sdXbe35K92/7P3YjpQ6I1eqEv8lnBbu7/KCWExvofKVA==",
      "dev": true,
      "license": "MIT",
      "dependencies": {
        "@solana/kit-plugin-instruction-plan": "0.18.0"
      },
      "peerDependencies": {
        "@solana/kit": "^8.0.0"
      }
    },
    "node_modules/@solana/kit-plugin-signer": {
      "version": "0.18.0",
      "resolved": "https://registry.npmjs.org/@solana/kit-plugin-signer/-/kit-plugin-signer-0.18.0.tgz",
      "integrity": "sha512-/CkyDE0HArqH503UUdsiiknBYpM0gAbe/QhlQ37hCRwP+WcnQkqQNdqhx999vMZaKii68ffSD8+xsvOZcSvC+w==",
      "dev": true,
      "license": "MIT",
      "peerDependencies": {
        "@solana/kit": "^8.0.0"
      }
    },
    "node_modules/@solana/nominal-types": {
      "version": "8.0.0",
      "resolved": "https://registry.npmjs.org/@solana/nominal-types/-/nominal-types-8.0.0.tgz",
      "integrity": "sha512-aCvkLVfJLy7q0xSbzJXLMZkLEDtxbQZtJKJJAsdi7u40KwkK4ZLITLYc7wbIVKCpxLJcs1XspwJKLZGlcFGwSQ==",
      "dev": true,
      "license": "MIT",
      "engines": {
        "node": ">=20.18.0"
      },
      "peerDependencies": {
        "typescript": ">=5.4.0"
      },
      "peerDependenciesMeta": {
        "typescript": {
          "optional": true
        }
      }
    },
    "node_modules/@solana/offchain-messages": {
      "version": "8.0.0",
      "resolved": "https://registry.npmjs.org/@solana/offchain-messages/-/offchain-messages-8.0.0.tgz",
      "integrity": "sha512-wynBOsq3bwwqDG+KIUK9/5hNlo/tpRjmUf+VcFWUdD0LgSRr9NtF8QL2/Modj/m+Xj1iFkjfP+p8f94iGUF56g==",
      "dev": true,
      "license": "MIT",
      "dependencies": {
        "@solana/addresses": "8.0.0",
        "@solana/codecs-core": "8.0.0",
        "@solana/codecs-data-structures": "8.0.0",
        "@solana/codecs-numbers": "8.0.0",
        "@solana/codecs-strings": "8.0.0",
        "@solana/errors": "8.0.0",
        "@solana/keys": "8.0.0",
        "@solana/nominal-types": "8.0.0"
      },
      "engines": {
        "node": ">=20.18.0"
      },
      "peerDependencies": {
        "typescript": ">=5.4.0"
      },
      "peerDependenciesMeta": {
        "typescript": {
          "optional": true
        }
      }
    },
    "node_modules/@solana/options": {
      "version": "8.0.0",
      "resolved": "https://registry.npmjs.org/@solana/options/-/options-8.0.0.tgz",
      "integrity": "sha512-OOrtPfPOuJY2+jNUUUgm6d9pQewhs+fTaR6R6nRAGJOl2IVgmTOMQ6+mpj2nfH36bLXRNuXmJR7SCG64mMi8Dg==",
      "dev": true,
      "license": "MIT",
      "dependencies": {
        "@solana/codecs-core": "8.0.0",
        "@solana/codecs-data-structures": "8.0.0",
        "@solana/codecs-numbers": "8.0.0",
        "@solana/codecs-strings": "8.0.0",
        "@solana/errors": "8.0.0"
      },
      "engines": {
        "node": ">=20.18.0"
      },
      "peerDependencies": {
        "typescript": ">=5.4.0"
      },
      "peerDependenciesMeta": {
        "typescript": {
          "optional": true
        }
      }
    },
    "node_modules/@solana/plugin-core": {
      "version": "8.0.0",
      "resolved": "https://registry.npmjs.org/@solana/plugin-core/-/plugin-core-8.0.0.tgz",
      "integrity": "sha512-8ciqi0mT7TocVt/ZjW0rzch8jgmaYbZeW6J2EFM2Oxe1vG2QloK+voikRxkYtsHMxGtSLfiTZDnklX24xBSa9Q==",
      "dev": true,
      "license": "MIT",
      "engines": {
        "node": ">=20.18.0"
      },
      "peerDependencies": {
        "typescript": ">=5.4.0"
      },
      "peerDependenciesMeta": {
        "typescript": {
          "optional": true
        }
      }
    },
    "node_modules/@solana/plugin-interfaces": {
      "version": "8.0.0",
      "resolved": "https://registry.npmjs.org/@solana/plugin-interfaces/-/plugin-interfaces-8.0.0.tgz",
      "integrity": "sha512-xi8co+87aAT51XBt0GJDntww172Rke+Bb+hjxPHMoNHd4C1WdMf9VQHwpGhh/km3DYYGx75JBxwpNwPZIbzNxQ==",
      "dev": true,
      "license": "MIT",
      "dependencies": {
        "@solana/accounts": "8.0.0",
        "@solana/addresses": "8.0.0",
        "@solana/instruction-plans": "8.0.0",
        "@solana/keys": "8.0.0",
        "@solana/rpc-spec": "8.0.0",
        "@solana/rpc-subscriptions-spec": "8.0.0",
        "@solana/rpc-types": "8.0.0",
        "@solana/signers": "8.0.0",
        "@solana/transactions": "8.0.0"
      },
      "engines": {
        "node": ">=20.18.0"
      },
      "peerDependencies": {
        "typescript": ">=5.4.0"
      },
      "peerDependenciesMeta": {
        "typescript": {
          "optional": true
        }
      }
    },
    "node_modules/@solana/program-client-core": {
      "version": "8.0.0",
      "resolved": "https://registry.npmjs.org/@solana/program-client-core/-/program-client-core-8.0.0.tgz",
      "integrity": "sha512-LS2cgz6imea+PLCQ9J3wKbacR127YpO8aKo/gl1x60GoBasdT1km5Dw63gsv7HEkmEF0iQZGjA9TBwYZNAOXFw==",
      "dev": true,
      "license": "MIT",
      "dependencies": {
        "@solana/accounts": "8.0.0",
        "@solana/addresses": "8.0.0",
        "@solana/codecs-core": "8.0.0",
        "@solana/errors": "8.0.0",
        "@solana/instruction-plans": "8.0.0",
        "@solana/instructions": "8.0.0",
        "@solana/plugin-interfaces": "8.0.0",
        "@solana/rpc-api": "8.0.0",
        "@solana/signers": "8.0.0"
      },
      "engines": {
        "node": ">=20.18.0"
      },
      "peerDependencies": {
        "typescript": ">=5.4.0"
      },
      "peerDependenciesMeta": {
        "typescript": {
          "optional": true
        }
      }
    },
    "node_modules/@solana/programs": {
      "version": "8.0.0",
      "resolved": "https://registry.npmjs.org/@solana/programs/-/programs-8.0.0.tgz",
      "integrity": "sha512-7n40XqVlTntQWYGwSiFyY4pQSOmCdLmI13oXWbHeSh/e1f4hJvPrVIpKe/h/liT630mSdjgxy1Je+2c7cV24Sw==",
      "dev": true,
      "license": "MIT",
      "dependencies": {
        "@solana/addresses": "8.0.0",
        "@solana/errors": "8.0.0"
      },
      "engines": {
        "node": ">=20.18.0"
      },
      "peerDependencies": {
        "typescript": ">=5.4.0"
      },
      "peerDependenciesMeta": {
        "typescript": {
          "optional": true
        }
      }
    },
    "node_modules/@solana/promises": {
      "version": "8.0.0",
      "resolved": "https://registry.npmjs.org/@solana/promises/-/promises-8.0.0.tgz",
      "integrity": "sha512-KYjpZeKOkW4eAserk48349BlWjPorhjP2dkGjYMG0ZRWg67tpby708Yizu1g3S4CAwOAH40EFFYTW6NXaZqcpQ==",
      "dev": true,
      "license": "MIT",
      "engines": {
        "node": ">=20.18.0"
      },
      "peerDependencies": {
        "typescript": ">=5.4.0"
      },
      "peerDependenciesMeta": {
        "typescript": {
          "optional": true
        }
      }
    },
    "node_modules/@solana/rpc": {
      "version": "8.0.0",
      "resolved": "https://registry.npmjs.org/@solana/rpc/-/rpc-8.0.0.tgz",
      "integrity": "sha512-wzo+xjw0oTVOf8jX1dfowegVv8kjpSE7AMoAcBWRiTOOzrLViYiVEPSHvJAow27TTgLoI8ujkfCl+emXFFrA9A==",
      "dev": true,
      "license": "MIT",
      "dependencies": {
        "@solana/errors": "8.0.0",
        "@solana/fast-stable-stringify": "8.0.0",
        "@solana/functional": "8.0.0",
        "@solana/rpc-api": "8.0.0",
        "@solana/rpc-spec": "8.0.0",
        "@solana/rpc-spec-types": "8.0.0",
        "@solana/rpc-transformers": "8.0.0",
        "@solana/rpc-transport-http": "8.0.0",
        "@solana/rpc-types": "8.0.0"
      },
      "engines": {
        "node": ">=20.18.0"
      },
      "peerDependencies": {
        "typescript": ">=5.4.0"
      },
      "peerDependenciesMeta": {
        "typescript": {
          "optional": true
        }
      }
    },
    "node_modules/@solana/rpc-api": {
      "version": "8.0.0",
      "resolved": "https://registry.npmjs.org/@solana/rpc-api/-/rpc-api-8.0.0.tgz",
      "integrity": "sha512-NT2fBS9wivcMuNAwFiiiVpQ1EIR29mTzq0j7fnq9T5D4EBrl/OmA7xZXN+Z6TzUPpNLAaLADzPceXHrqqeaRSw==",
      "dev": true,
      "license": "MIT",
      "dependencies": {
        "@solana/addresses": "8.0.0",
        "@solana/codecs-core": "8.0.0",
        "@solana/codecs-strings": "8.0.0",
        "@solana/errors": "8.0.0",
        "@solana/keys": "8.0.0",
        "@solana/rpc-parsed-types": "8.0.0",
        "@solana/rpc-spec": "8.0.0",
        "@solana/rpc-transformers": "8.0.0",
        "@solana/rpc-types": "8.0.0",
        "@solana/transaction-messages": "8.0.0",
        "@solana/transactions": "8.0.0"
      },
      "engines": {
        "node": ">=20.18.0"
      },
      "peerDependencies": {
        "typescript": ">=5.4.0"
      },
      "peerDependenciesMeta": {
        "typescript": {
          "optional": true
        }
      }
    },
    "node_modules/@solana/rpc-parsed-types": {
      "version": "8.0.0",
      "resolved": "https://registry.npmjs.org/@solana/rpc-parsed-types/-/rpc-parsed-types-8.0.0.tgz",
      "integrity": "sha512-UEzab+gqgWZ84e1SwMoofInmu5Q0a8+DB7YYC+YnzfJJjbEL/qyFPdNpIvKX3DFyHJ+Hg5rjE9iVUVOP6Pqk2w==",
      "dev": true,
      "license": "MIT",
      "engines": {
        "node": ">=20.18.0"
      },
      "peerDependencies": {
        "typescript": ">=5.4.0"
      },
      "peerDependenciesMeta": {
        "typescript": {
          "optional": true
        }
      }
    },
    "node_modules/@solana/rpc-spec": {
      "version": "8.0.0",
      "resolved": "https://registry.npmjs.org/@solana/rpc-spec/-/rpc-spec-8.0.0.tgz",
      "integrity": "sha512-8Mji0374hnloSXSMgLQSCj+E/c2A8qMCa9IOm1xbdHtDu91q/1fB7v88j9jT/lHmSBbShVJLyGCI9OKzxT1Tiw==",
      "dev": true,
      "license": "MIT",
      "dependencies": {
        "@solana/errors": "8.0.0",
        "@solana/rpc-spec-types": "8.0.0",
        "@solana/subscribable": "8.0.0"
      },
      "engines": {
        "node": ">=20.18.0"
      },
      "peerDependencies": {
        "typescript": ">=5.4.0"
      },
      "peerDependenciesMeta": {
        "typescript": {
          "optional": true
        }
      }
    },
    "node_modules/@solana/rpc-spec-types": {
      "version": "8.0.0",
      "resolved": "https://registry.npmjs.org/@solana/rpc-spec-types/-/rpc-spec-types-8.0.0.tgz",
      "integrity": "sha512-o9/NGXsY2fBOMsJxt/exjDyV+zPsDDUl0szspDdLuh2w/YUb3U9D2ZvsCmxjtWotgbmIqFn6uKKf1/0pL/Wtdw==",
      "dev": true,
      "license": "MIT",
      "dependencies": {
        "@solana/errors": "8.0.0"
      },
      "engines": {
        "node": ">=20.18.0"
      },
      "peerDependencies": {
        "typescript": ">=5.4.0"
      },
      "peerDependenciesMeta": {
        "typescript": {
          "optional": true
        }
      }
    },
    "node_modules/@solana/rpc-subscriptions": {
      "version": "8.0.0",
      "resolved": "https://registry.npmjs.org/@solana/rpc-subscriptions/-/rpc-subscriptions-8.0.0.tgz",
      "integrity": "sha512-Ar2UgTHqx6W1xFJ8JmkZiY2xvcSzrW7FrXF2cg7AiBw89PIeMcpQOUHokaZtI8bN2CHp3f5VT1d4CcKFe0UIJg==",
      "dev": true,
      "license": "MIT",
      "dependencies": {
        "@solana/errors": "8.0.0",
        "@solana/fast-stable-stringify": "8.0.0",
        "@solana/functional": "8.0.0",
        "@solana/promises": "8.0.0",
        "@solana/rpc-spec-types": "8.0.0",
        "@solana/rpc-subscriptions-api": "8.0.0",
        "@solana/rpc-subscriptions-channel-websocket": "8.0.0",
        "@solana/rpc-subscriptions-spec": "8.0.0",
        "@solana/rpc-transformers": "8.0.0",
        "@solana/rpc-types": "8.0.0",
        "@solana/subscribable": "8.0.0"
      },
      "engines": {
        "node": ">=20.18.0"
      },
      "peerDependencies": {
        "typescript": ">=5.4.0"
      },
      "peerDependenciesMeta": {
        "typescript": {
          "optional": true
        }
      }
    },
    "node_modules/@solana/rpc-subscriptions-api": {
      "version": "8.0.0",
      "resolved": "https://registry.npmjs.org/@solana/rpc-subscriptions-api/-/rpc-subscriptions-api-8.0.0.tgz",
      "integrity": "sha512-ILmWLSRMs0cmes78FDln79OCVpRn5WwVg8aIgkH+phR6qsybg9ZA6JmVKPsNjRJzWhnvKw3cnY3YscRNk/uW2A==",
      "dev": true,
      "license": "MIT",
      "dependencies": {
        "@solana/addresses": "8.0.0",
        "@solana/keys": "8.0.0",
        "@solana/rpc-subscriptions-spec": "8.0.0",
        "@solana/rpc-transformers": "8.0.0",
        "@solana/rpc-types": "8.0.0",
        "@solana/transaction-messages": "8.0.0",
        "@solana/transactions": "8.0.0"
      },
      "engines": {
        "node": ">=20.18.0"
      },
      "peerDependencies": {
        "typescript": ">=5.4.0"
      },
      "peerDependenciesMeta": {
        "typescript": {
          "optional": true
        }
      }
    },
    "node_modules/@solana/rpc-subscriptions-channel-websocket": {
      "version": "8.0.0",
      "resolved": "https://registry.npmjs.org/@solana/rpc-subscriptions-channel-websocket/-/rpc-subscriptions-channel-websocket-8.0.0.tgz",
      "integrity": "sha512-5gOIiaA+UsDGTuVIszwUzwlGI0AKOxsStXg5abk9BdWsx8B0iEqRZ0FTXeZxHOs6t4k25yhLFkAeam7i18qKeg==",
      "dev": true,
      "license": "MIT",
      "dependencies": {
        "@solana/errors": "8.0.0",
        "@solana/functional": "8.0.0",
        "@solana/rpc-subscriptions-spec": "8.0.0",
        "@solana/subscribable": "8.0.0",
        "ws": "^8.21.0"
      },
      "engines": {
        "node": ">=20.18.0"
      },
      "peerDependencies": {
        "typescript": ">=5.4.0"
      },
      "peerDependenciesMeta": {
        "typescript": {
          "optional": true
        }
      }
    },
    "node_modules/@solana/rpc-subscriptions-spec": {
      "version": "8.0.0",
      "resolved": "https://registry.npmjs.org/@solana/rpc-subscriptions-spec/-/rpc-subscriptions-spec-8.0.0.tgz",
      "integrity": "sha512-RdKaVmuC1ATsCiiFzb8Fd5uJIouS32TvF+eVCRx/fmqHmbW7J7testCqi/gjITJGjr8JE/7qPJIoUU1dccWzLg==",
      "dev": true,
      "license": "MIT",
      "dependencies": {
        "@solana/errors": "8.0.0",
        "@solana/promises": "8.0.0",
        "@solana/rpc-spec-types": "8.0.0",
        "@solana/subscribable": "8.0.0"
      },
      "engines": {
        "node": ">=20.18.0"
      },
      "peerDependencies": {
        "typescript": ">=5.4.0"
      },
      "peerDependenciesMeta": {
        "typescript": {
          "optional": true
        }
      }
    },
    "node_modules/@solana/rpc-transformers": {
      "version": "8.0.0",
      "resolved": "https://registry.npmjs.org/@solana/rpc-transformers/-/rpc-transformers-8.0.0.tgz",
      "integrity": "sha512-OA4wEcLte+WJirlYfZcsFcX6Sn5/deWaJ+G1x1VbfDYXwGEzo39JBk7A23VZ9T9MOmDfpgfds7lCjCix9lFZJQ==",
      "dev": true,
      "license": "MIT",
      "dependencies": {
        "@solana/errors": "8.0.0",
        "@solana/functional": "8.0.0",
        "@solana/nominal-types": "8.0.0",
        "@solana/rpc-spec-types": "8.0.0",
        "@solana/rpc-types": "8.0.0"
      },
      "engines": {
        "node": ">=20.18.0"
      },
      "peerDependencies": {
        "typescript": ">=5.4.0"
      },
      "peerDependenciesMeta": {
        "typescript": {
          "optional": true
        }
      }
    },
    "node_modules/@solana/rpc-transport-http": {
      "version": "8.0.0",
      "resolved": "https://registry.npmjs.org/@solana/rpc-transport-http/-/rpc-transport-http-8.0.0.tgz",
      "integrity": "sha512-fGk4ym3zApquQnKI2vyO+wdEwfKEKsRQfUunLVgjAMLYSd2dxV4rQ2rFErxzJpJE0gMWE3vBH9JTPm9NXHgiuA==",
      "dev": true,
      "license": "MIT",
      "dependencies": {
        "@solana/errors": "8.0.0",
        "@solana/rpc-spec": "8.0.0",
        "@solana/rpc-spec-types": "8.0.0",
        "undici-types": "^8.10.0"
      },
      "engines": {
        "node": ">=20.18.0"
      },
      "peerDependencies": {
        "typescript": ">=5.4.0"
      },
      "peerDependenciesMeta": {
        "typescript": {
          "optional": true
        }
      }
    },
    "node_modules/@solana/rpc-types": {
      "version": "8.0.0",
      "resolved": "https://registry.npmjs.org/@solana/rpc-types/-/rpc-types-8.0.0.tgz",
      "integrity": "sha512-OvuMUHeeuK7cySRGs8pMd/qXvYyUiAAeTI6NRgQCR0moRbegQ9DqtQycnS1y9wkpywv8bEjpoJoi8QZfMpx/WQ==",
      "dev": true,
      "license": "MIT",
      "dependencies": {
        "@solana/addresses": "8.0.0",
        "@solana/codecs-core": "8.0.0",
        "@solana/codecs-numbers": "8.0.0",
        "@solana/codecs-strings": "8.0.0",
        "@solana/errors": "8.0.0",
        "@solana/fixed-points": "8.0.0",
        "@solana/nominal-types": "8.0.0"
      },
      "engines": {
        "node": ">=20.18.0"
      },
      "peerDependencies": {
        "typescript": ">=5.4.0"
      },
      "peerDependenciesMeta": {
        "typescript": {
          "optional": true
        }
      }
    },
    "node_modules/@solana/signers": {
      "version": "8.0.0",
      "resolved": "https://registry.npmjs.org/@solana/signers/-/signers-8.0.0.tgz",
      "integrity": "sha512-yKqD54Hh8a+BBgjdcyRDYukKRG9d2Zj9aLAOuXapIcj1fWG1bWGIf3LEdVAjdoNJPTa2NEb787ouM6QOA+DAMA==",
      "dev": true,
      "license": "MIT",
      "dependencies": {
        "@solana/addresses": "8.0.0",
        "@solana/codecs-core": "8.0.0",
        "@solana/errors": "8.0.0",
        "@solana/instructions": "8.0.0",
        "@solana/keys": "8.0.0",
        "@solana/nominal-types": "8.0.0",
        "@solana/offchain-messages": "8.0.0",
        "@solana/transaction-messages": "8.0.0",
        "@solana/transactions": "8.0.0"
      },
      "engines": {
        "node": ">=20.18.0"
      },
      "peerDependencies": {
        "typescript": ">=5.4.0"
      },
      "peerDependenciesMeta": {
        "typescript": {
          "optional": true
        }
      }
    },
    "node_modules/@solana/subscribable": {
      "version": "8.0.0",
      "resolved": "https://registry.npmjs.org/@solana/subscribable/-/subscribable-8.0.0.tgz",
      "integrity": "sha512-/vu8j2WeAklP5h7xBgbrM4zG9/W+lju0HN50f0qMRqcmo1VhQejHFb42MVaHFb3iRUvsuvC2M627DGUFb8CMZw==",
      "dev": true,
      "license": "MIT",
      "dependencies": {
        "@solana/errors": "8.0.0",
        "@solana/promises": "8.0.0"
      },
      "engines": {
        "node": ">=20.18.0"
      },
      "peerDependencies": {
        "typescript": ">=5.4.0"
      },
      "peerDependenciesMeta": {
        "typescript": {
          "optional": true
        }
      }
    },
    "node_modules/@solana/surfpool-darwin-arm64": {
      "version": "1.5.0",
      "resolved": "https://registry.npmjs.org/@solana/surfpool-darwin-arm64/-/surfpool-darwin-arm64-1.5.0.tgz",
      "integrity": "sha512-RdjEN7WDAr1Vrp1CD+NAS3pwT//TJclX9zyxjhAMpmBofwDzlCO8/yqv2CbD77UOuB/y3UWz3MvEEHxZfetKsw==",
      "cpu": [
        "arm64"
      ],
      "license": "Apache-2.0",
      "optional": true,
      "os": [
        "darwin"
      ],
      "engines": {
        "node": ">=18"
      }
    },
    "node_modules/@solana/surfpool-darwin-x64": {
      "version": "1.5.0",
      "resolved": "https://registry.npmjs.org/@solana/surfpool-darwin-x64/-/surfpool-darwin-x64-1.5.0.tgz",
      "integrity": "sha512-8ScgLVX32JX7HH0XkijZxlpsNAALuzaJQDUTjJ1aPazKzunliek27TP9ZkVzzBHypyiY59wpwNue9PUGnGKdIw==",
      "cpu": [
        "x64"
      ],
      "license": "Apache-2.0",
      "optional": true,
      "os": [
        "darwin"
      ],
      "engines": {
        "node": ">=18"
      }
    },
    "node_modules/@solana/surfpool-linux-x64-gnu": {
      "version": "1.5.0",
      "resolved": "https://registry.npmjs.org/@solana/surfpool-linux-x64-gnu/-/surfpool-linux-x64-gnu-1.5.0.tgz",
      "integrity": "sha512-d+wUCBdzw7U4inKoe+Lj7XlH8Nmd6A00IZOsG3R61NQbqhRVp7zFpVCCzV00RvgAOsSedkI87I6B4ehAuyGPAg==",
      "cpu": [
        "x64"
      ],
      "license": "Apache-2.0",
      "optional": true,
      "os": [
        "linux"
      ],
      "engines": {
        "node": ">=18"
      }
    },
    "node_modules/@solana/sysvars": {
      "version": "8.0.0",
      "resolved": "https://registry.npmjs.org/@solana/sysvars/-/sysvars-8.0.0.tgz",
      "integrity": "sha512-z8bZDr/RfvEeQr5t2UVtdG/qzS5yjBnTpcuVvpQcoWqkfzMISb5+dMTc1qiYtnwGz2176QZROgZ7+OQogfDbnw==",
      "dev": true,
      "license": "MIT",
      "dependencies": {
        "@solana/accounts": "8.0.0",
        "@solana/codecs-core": "8.0.0",
        "@solana/codecs-data-structures": "8.0.0",
        "@solana/codecs-numbers": "8.0.0",
        "@solana/errors": "8.0.0",
        "@solana/rpc-types": "8.0.0"
      },
      "engines": {
        "node": ">=20.18.0"
      },
      "peerDependencies": {
        "typescript": ">=5.4.0"
      },
      "peerDependenciesMeta": {
        "typescript": {
          "optional": true
        }
      }
    },
    "node_modules/@solana/transaction-confirmation": {
      "version": "8.0.0",
      "resolved": "https://registry.npmjs.org/@solana/transaction-confirmation/-/transaction-confirmation-8.0.0.tgz",
      "integrity": "sha512-vz72wtWChtoqzCXmYpQwD0ZRtA1qM10FGg+hwtmUeoxvoq014MAJ5JEJ4PN5X3D5ST/qdmv3TmmFyfdyJ8kfCQ==",
      "dev": true,
      "license": "MIT",
      "dependencies": {
        "@solana/addresses": "8.0.0",
        "@solana/codecs-strings": "8.0.0",
        "@solana/errors": "8.0.0",
        "@solana/keys": "8.0.0",
        "@solana/promises": "8.0.0",
        "@solana/rpc": "8.0.0",
        "@solana/rpc-subscriptions": "8.0.0",
        "@solana/rpc-types": "8.0.0",
        "@solana/transaction-messages": "8.0.0",
        "@solana/transactions": "8.0.0"
      },
      "engines": {
        "node": ">=20.18.0"
      },
      "peerDependencies": {
        "typescript": ">=5.4.0"
      },
      "peerDependenciesMeta": {
        "typescript": {
          "optional": true
        }
      }
    },
    "node_modules/@solana/transaction-introspection": {
      "version": "8.0.0",
      "resolved": "https://registry.npmjs.org/@solana/transaction-introspection/-/transaction-introspection-8.0.0.tgz",
      "integrity": "sha512-GkmR+SXN70Amh1f+MvzEGUiqr3/YL/FyEqeT6oCAMTR2AidXfyZIKNkoTB4+1jABeXFFMaYiCfPhKD6+BznnXA==",
      "dev": true,
      "license": "MIT",
      "dependencies": {
        "@solana/addresses": "8.0.0",
        "@solana/codecs-core": "8.0.0",
        "@solana/codecs-strings": "8.0.0",
        "@solana/errors": "8.0.0",
        "@solana/instructions": "8.0.0",
        "@solana/rpc-types": "8.0.0",
        "@solana/transaction-messages": "8.0.0",
        "@solana/transactions": "8.0.0"
      },
      "engines": {
        "node": ">=20.18.0"
      },
      "peerDependencies": {
        "typescript": ">=5.4.0"
      },
      "peerDependenciesMeta": {
        "typescript": {
          "optional": true
        }
      }
    },
    "node_modules/@solana/transaction-messages": {
      "version": "8.0.0",
      "resolved": "https://registry.npmjs.org/@solana/transaction-messages/-/transaction-messages-8.0.0.tgz",
      "integrity": "sha512-/3QXUWIPLDicPLOt2aVczgTRJrWih59mHndLOwCD3i7/phGFnH66cjoyYy7+ootJJJwDlsgMoOmgdGJJHnqyFA==",
      "dev": true,
      "license": "MIT",
      "dependencies": {
        "@solana/addresses": "8.0.0",
        "@solana/codecs-core": "8.0.0",
        "@solana/codecs-data-structures": "8.0.0",
        "@solana/codecs-numbers": "8.0.0",
        "@solana/errors": "8.0.0",
        "@solana/functional": "8.0.0",
        "@solana/instructions": "8.0.0",
        "@solana/nominal-types": "8.0.0",
        "@solana/rpc-types": "8.0.0"
      },
      "engines": {
        "node": ">=20.18.0"
      },
      "peerDependencies": {
        "typescript": ">=5.4.0"
      },
      "peerDependenciesMeta": {
        "typescript": {
          "optional": true
        }
      }
    },
    "node_modules/@solana/transactions": {
      "version": "8.0.0",
      "resolved": "https://registry.npmjs.org/@solana/transactions/-/transactions-8.0.0.tgz",
      "integrity": "sha512-8HQmyVN9qv0v1ylTqOR38T8834oQ+sPLSRpPueTd5yfwiv60CtUwndHg1M+y5n7Q4DP1jJZ0M5YReJ5BpnD2Zg==",
      "dev": true,
      "license": "MIT",
      "dependencies": {
        "@solana/addresses": "8.0.0",
        "@solana/codecs-core": "8.0.0",
        "@solana/codecs-data-structures": "8.0.0",
        "@solana/codecs-numbers": "8.0.0",
        "@solana/codecs-strings": "8.0.0",
        "@solana/errors": "8.0.0",
        "@solana/functional": "8.0.0",
        "@solana/instructions": "8.0.0",
        "@solana/keys": "8.0.0",
        "@solana/nominal-types": "8.0.0",
        "@solana/rpc-types": "8.0.0",
        "@solana/transaction-messages": "8.0.0"
      },
      "engines": {
        "node": ">=20.18.0"
      },
      "peerDependencies": {
        "typescript": ">=5.4.0"
      },
      "peerDependenciesMeta": {
        "typescript": {
          "optional": true
        }
      }
    },
    "node_modules/chalk": {
      "version": "5.6.2",
      "resolved": "https://registry.npmjs.org/chalk/-/chalk-5.6.2.tgz",
      "integrity": "sha512-7NzBL0rN6fMUW+f7A6Io4h40qQlG+xGmtMxfbnH/K7TAtt8JQWVQK+6g0UXKMeVJoyV5EkkNsErQ8pVD3bLHbA==",
      "dev": true,
      "license": "MIT",
      "engines": {
        "node": "^12.17.0 || ^14.13 || >=16.0.0"
      },
      "funding": {
        "url": "https://github.com/chalk/chalk?sponsor=1"
      }
    },
    "node_modules/commander": {
      "version": "15.0.0",
      "resolved": "https://registry.npmjs.org/commander/-/commander-15.0.0.tgz",
      "integrity": "sha512-z67u4ZhzCL/Tydu1lJARtEZYWbWaN7oYLHbsuzocr6y4N6WZAagG3RQ4FW61V1/0+jImpj293XfrcYnd1qxtPg==",
      "dev": true,
      "license": "MIT",
      "engines": {
        "node": ">=22.12.0"
      }
    },
    "node_modules/typescript": {
      "version": "5.9.3",
      "resolved": "https://registry.npmjs.org/typescript/-/typescript-5.9.3.tgz",
      "integrity": "sha512-jl1vZzPDinLr9eUt3J/t7V6FgNEw9QjvBPdysz9KfQDD41fQrC2Y4vKQdiaUpFT4bXlb1RHhLpp8wtm6M5TgSw==",
      "dev": true,
      "license": "Apache-2.0",
      "bin": {
        "tsc": "bin/tsc",
        "tsserver": "bin/tsserver"
      },
      "engines": {
        "node": ">=14.17"
      }
    },
    "node_modules/undici-types": {
      "version": "8.10.0",
      "resolved": "https://registry.npmjs.org/undici-types/-/undici-types-8.10.0.tgz",
      "integrity": "sha512-ibvdovq3nCFs8Msrd95BW+zUOq+aOVbT+wpHUoPWhztbHEoPc6oof51iFDB6Es8lTKvNvVW9jNSAB8dwrKTMGg==",
      "dev": true,
      "license": "MIT"
    },
    "node_modules/ws": {
      "version": "8.21.3",
      "resolved": "https://registry.npmjs.org/ws/-/ws-8.21.3.tgz",
      "integrity": "sha512-201TZ/kPWxoPr/OKWjquZR1SWKXcvxdH+e1xrx89b3YbmzLMFCLfnaG1HFIgWzJOEWZ7MvpK++odZufgYR50Rw==",
      "dev": true,
      "license": "MIT",
      "engines": {
        "node": ">=10.0.0"
      },
      "peerDependencies": {
        "bufferutil": "^4.0.1",
        "utf-8-validate": ">=5.0.2"
      },
      "peerDependenciesMeta": {
        "bufferutil": {
          "optional": true
        },
        "utf-8-validate": {
          "optional": true
        }
      }
    }
  }
}
